// !$*UTF8*$!
{
	archiveVersion = 1;
	classes = {
	};
	objectVersion = 46;
	objects = {

/* Begin PBXBuildFile section */
		390A39EA1F605CB2003C35BA /* AppDelegate.swift in Sources */ = {isa = PBXBuildFile; fileRef = 390A39E91F605CB2003C35BA /* AppDelegate.swift */; };
		390A39EF1F605CB2003C35BA /* Main.storyboard in Resources */ = {isa = PBXBuildFile; fileRef = 390A39ED1F605CB2003C35BA /* Main.storyboard */; };
		390A39F11F605CB2003C35BA /* Assets.xcassets in Resources */ = {isa = PBXBuildFile; fileRef = 390A39F01F605CB2003C35BA /* Assets.xcassets */; };
		390A39F41F605CB2003C35BA /* LaunchScreen.storyboard in Resources */ = {isa = PBXBuildFile; fileRef = 390A39F21F605CB2003C35BA /* LaunchScreen.storyboard */; };
		390A39FF1F605CB2003C35BA /* Swift_WeatherTests.swift in Sources */ = {isa = PBXBuildFile; fileRef = 390A39FE1F605CB2003C35BA /* Swift_WeatherTests.swift */; };
		390A3A0B1F605E3A003C35BA /* MapViewController.swift in Sources */ = {isa = PBXBuildFile; fileRef = 390A3A0A1F605E3A003C35BA /* MapViewController.swift */; };
		390F56651F607AA0002F4144 /* WeatherDescription.swift in Sources */ = {isa = PBXBuildFile; fileRef = 390F56641F607AA0002F4144 /* WeatherDescription.swift */; };
		390F56691F607C75002F4144 /* WeatherCoord.swift in Sources */ = {isa = PBXBuildFile; fileRef = 390F56681F607C75002F4144 /* WeatherCoord.swift */; };
		390F566B1F607C94002F4144 /* Place.swift in Sources */ = {isa = PBXBuildFile; fileRef = 390F566A1F607C94002F4144 /* Place.swift */; };
		390F566D1F607CA5002F4144 /* Wind.swift in Sources */ = {isa = PBXBuildFile; fileRef = 390F566C1F607CA5002F4144 /* Wind.swift */; };
		390F566F1F607CBA002F4144 /* WeatherDetails.swift in Sources */ = {isa = PBXBuildFile; fileRef = 390F566E1F607CBA002F4144 /* WeatherDetails.swift */; };
		390F56711F607D0E002F4144 /* ApiServiceProtocol.swift in Sources */ = {isa = PBXBuildFile; fileRef = 390F56701F607D0E002F4144 /* ApiServiceProtocol.swift */; };
		390F56731F607D15002F4144 /* ApiService.swift in Sources */ = {isa = PBXBuildFile; fileRef = 390F56721F607D15002F4144 /* ApiService.swift */; };
		390F56751F607D39002F4144 /* Result.swift in Sources */ = {isa = PBXBuildFile; fileRef = 390F56741F607D39002F4144 /* Result.swift */; };
		390F56771F60856F002F4144 /* SwinjectSetup.swift in Sources */ = {isa = PBXBuildFile; fileRef = 390F56761F60856F002F4144 /* SwinjectSetup.swift */; };
		396AE76D1F60681E0095A327 /* WeatherDetailViewController.swift in Sources */ = {isa = PBXBuildFile; fileRef = 396AE76C1F60681E0095A327 /* WeatherDetailViewController.swift */; };
		396AE7731F606A1D0095A327 /* Weather.swift in Sources */ = {isa = PBXBuildFile; fileRef = 396AE7721F606A1D0095A327 /* Weather.swift */; };
		396AE7761F606CAA0095A327 /* weather.json in Resources */ = {isa = PBXBuildFile; fileRef = 396AE7751F606CAA0095A327 /* weather.json */; };
		396AE77A1F606D020095A327 /* WeatherSpec.swift in Sources */ = {isa = PBXBuildFile; fileRef = 396AE7791F606D020095A327 /* WeatherSpec.swift */; };
		396AE7851F60744C0095A327 /* Fixture.swift in Sources */ = {isa = PBXBuildFile; fileRef = 396AE7841F60744C0095A327 /* Fixture.swift */; };
		4A40B71F51AD6E644196AB32 /* Pods_Swift_Weather.framework in Frameworks */ = {isa = PBXBuildFile; fileRef = 93D18EC6274F97AF0C2742E2 /* Pods_Swift_Weather.framework */; };
		74F0937F37626C8F6B8A9F5B /* Pods_Swift_WeatherTests.framework in Frameworks */ = {isa = PBXBuildFile; fileRef = 646BD235BCD47066EE3A5BB9 /* Pods_Swift_WeatherTests.framework */; };
/* End PBXBuildFile section */

/* Begin PBXContainerItemProxy section */
		390A39FB1F605CB2003C35BA /* PBXContainerItemProxy */ = {
			isa = PBXContainerItemProxy;
			containerPortal = 390A39DE1F605CB2003C35BA /* Project object */;
			proxyType = 1;
			remoteGlobalIDString = 390A39E51F605CB2003C35BA;
			remoteInfo = "Swift Weather";
		};
/* End PBXContainerItemProxy section */

/* Begin PBXFileReference section */
		17680DAF2F7200E61D966532 /* Pods-Swift Weather.release.xcconfig */ = {isa = PBXFileReference; includeInIndex = 1; lastKnownFileType = text.xcconfig; name = "Pods-Swift Weather.release.xcconfig"; path = "Pods/Target Support Files/Pods-Swift Weather/Pods-Swift Weather.release.xcconfig"; sourceTree = "<group>"; };
		390A39E61F605CB2003C35BA /* Swift Weather.app */ = {isa = PBXFileReference; explicitFileType = wrapper.application; includeInIndex = 0; path = "Swift Weather.app"; sourceTree = BUILT_PRODUCTS_DIR; };
		390A39E91F605CB2003C35BA /* AppDelegate.swift */ = {isa = PBXFileReference; lastKnownFileType = sourcecode.swift; path = AppDelegate.swift; sourceTree = "<group>"; };
		390A39EE1F605CB2003C35BA /* Base */ = {isa = PBXFileReference; lastKnownFileType = file.storyboard; name = Base; path = Base.lproj/Main.storyboard; sourceTree = "<group>"; };
		390A39F01F605CB2003C35BA /* Assets.xcassets */ = {isa = PBXFileReference; lastKnownFileType = folder.assetcatalog; path = Assets.xcassets; sourceTree = "<group>"; };
		390A39F31F605CB2003C35BA /* Base */ = {isa = PBXFileReference; lastKnownFileType = file.storyboard; name = Base; path = Base.lproj/LaunchScreen.storyboard; sourceTree = "<group>"; };
		390A39F51F605CB2003C35BA /* Info.plist */ = {isa = PBXFileReference; lastKnownFileType = text.plist.xml; path = Info.plist; sourceTree = "<group>"; };
		390A39FA1F605CB2003C35BA /* Swift WeatherTests.xctest */ = {isa = PBXFileReference; explicitFileType = wrapper.cfbundle; includeInIndex = 0; path = "Swift WeatherTests.xctest"; sourceTree = BUILT_PRODUCTS_DIR; };
		390A39FE1F605CB2003C35BA /* Swift_WeatherTests.swift */ = {isa = PBXFileReference; lastKnownFileType = sourcecode.swift; path = Swift_WeatherTests.swift; sourceTree = "<group>"; };
		390A3A001F605CB2003C35BA /* Info.plist */ = {isa = PBXFileReference; lastKnownFileType = text.plist.xml; path = Info.plist; sourceTree = "<group>"; };
		390A3A0A1F605E3A003C35BA /* MapViewController.swift */ = {isa = PBXFileReference; fileEncoding = 4; lastKnownFileType = sourcecode.swift; path = MapViewController.swift; sourceTree = "<group>"; };
		390F56641F607AA0002F4144 /* WeatherDescription.swift */ = {isa = PBXFileReference; fileEncoding = 4; lastKnownFileType = sourcecode.swift; path = WeatherDescription.swift; sourceTree = "<group>"; };
		390F56681F607C75002F4144 /* WeatherCoord.swift */ = {isa = PBXFileReference; fileEncoding = 4; lastKnownFileType = sourcecode.swift; path = WeatherCoord.swift; sourceTree = "<group>"; };
		390F566A1F607C94002F4144 /* Place.swift */ = {isa = PBXFileReference; fileEncoding = 4; lastKnownFileType = sourcecode.swift; path = Place.swift; sourceTree = "<group>"; };
		390F566C1F607CA5002F4144 /* Wind.swift */ = {isa = PBXFileReference; fileEncoding = 4; lastKnownFileType = sourcecode.swift; path = Wind.swift; sourceTree = "<group>"; };
		390F566E1F607CBA002F4144 /* WeatherDetails.swift */ = {isa = PBXFileReference; fileEncoding = 4; lastKnownFileType = sourcecode.swift; path = WeatherDetails.swift; sourceTree = "<group>"; };
		390F56701F607D0E002F4144 /* ApiServiceProtocol.swift */ = {isa = PBXFileReference; fileEncoding = 4; lastKnownFileType = sourcecode.swift; path = ApiServiceProtocol.swift; sourceTree = "<group>"; };
		390F56721F607D15002F4144 /* ApiService.swift */ = {isa = PBXFileReference; fileEncoding = 4; lastKnownFileType = sourcecode.swift; path = ApiService.swift; sourceTree = "<group>"; };
		390F56741F607D39002F4144 /* Result.swift */ = {isa = PBXFileReference; fileEncoding = 4; lastKnownFileType = sourcecode.swift; path = Result.swift; sourceTree = "<group>"; };
		390F56761F60856F002F4144 /* SwinjectSetup.swift */ = {isa = PBXFileReference; fileEncoding = 4; lastKnownFileType = sourcecode.swift; path = SwinjectSetup.swift; sourceTree = "<group>"; };
		396AE76C1F60681E0095A327 /* WeatherDetailViewController.swift */ = {isa = PBXFileReference; lastKnownFileType = sourcecode.swift; path = WeatherDetailViewController.swift; sourceTree = "<group>"; };
		396AE7721F606A1D0095A327 /* Weather.swift */ = {isa = PBXFileReference; lastKnownFileType = sourcecode.swift; path = Weather.swift; sourceTree = "<group>"; };
		396AE7751F606CAA0095A327 /* weather.json */ = {isa = PBXFileReference; lastKnownFileType = text.json; path = weather.json; sourceTree = "<group>"; };
		396AE7791F606D020095A327 /* WeatherSpec.swift */ = {isa = PBXFileReference; lastKnownFileType = sourcecode.swift; path = WeatherSpec.swift; sourceTree = "<group>"; };
		396AE7841F60744C0095A327 /* Fixture.swift */ = {isa = PBXFileReference; lastKnownFileType = sourcecode.swift; path = Fixture.swift; sourceTree = "<group>"; };
		435741186C9D14EC7404326B /* Pods-Swift WeatherTests.release.xcconfig */ = {isa = PBXFileReference; includeInIndex = 1; lastKnownFileType = text.xcconfig; name = "Pods-Swift WeatherTests.release.xcconfig"; path = "Pods/Target Support Files/Pods-Swift WeatherTests/Pods-Swift WeatherTests.release.xcconfig"; sourceTree = "<group>"; };
		646BD235BCD47066EE3A5BB9 /* Pods_Swift_WeatherTests.framework */ = {isa = PBXFileReference; explicitFileType = wrapper.framework; includeInIndex = 0; path = Pods_Swift_WeatherTests.framework; sourceTree = BUILT_PRODUCTS_DIR; };
		93D18EC6274F97AF0C2742E2 /* Pods_Swift_Weather.framework */ = {isa = PBXFileReference; explicitFileType = wrapper.framework; includeInIndex = 0; path = Pods_Swift_Weather.framework; sourceTree = BUILT_PRODUCTS_DIR; };
		C1CFFEF5E76326386031F118 /* Pods-Swift WeatherTests.debug.xcconfig */ = {isa = PBXFileReference; includeInIndex = 1; lastKnownFileType = text.xcconfig; name = "Pods-Swift WeatherTests.debug.xcconfig"; path = "Pods/Target Support Files/Pods-Swift WeatherTests/Pods-Swift WeatherTests.debug.xcconfig"; sourceTree = "<group>"; };
		E5D3FE0892F4575E422AAFA2 /* Pods-Swift Weather.debug.xcconfig */ = {isa = PBXFileReference; includeInIndex = 1; lastKnownFileType = text.xcconfig; name = "Pods-Swift Weather.debug.xcconfig"; path = "Pods/Target Support Files/Pods-Swift Weather/Pods-Swift Weather.debug.xcconfig"; sourceTree = "<group>"; };
/* End PBXFileReference section */

/* Begin PBXFrameworksBuildPhase section */
		390A39E31F605CB2003C35BA /* Frameworks */ = {
			isa = PBXFrameworksBuildPhase;
			buildActionMask = 2147483647;
			files = (
				4A40B71F51AD6E644196AB32 /* Pods_Swift_Weather.framework in Frameworks */,
			);
			runOnlyForDeploymentPostprocessing = 0;
		};
		390A39F71F605CB2003C35BA /* Frameworks */ = {
			isa = PBXFrameworksBuildPhase;
			buildActionMask = 2147483647;
			files = (
				74F0937F37626C8F6B8A9F5B /* Pods_Swift_WeatherTests.framework in Frameworks */,
			);
			runOnlyForDeploymentPostprocessing = 0;
		};
/* End PBXFrameworksBuildPhase section */

/* Begin PBXGroup section */
		390A39DD1F605CB2003C35BA = {
			isa = PBXGroup;
			children = (
				390A39E81F605CB2003C35BA /* Swift Weather */,
				390A39FD1F605CB2003C35BA /* Swift WeatherTests */,
				390A39E71F605CB2003C35BA /* Products */,
				BEB38E128BBE7901656AE969 /* Pods */,
				78F4297AB6C1A7E8E2351E7F /* Frameworks */,
			);
			sourceTree = "<group>";
		};
		390A39E71F605CB2003C35BA /* Products */ = {
			isa = PBXGroup;
			children = (
				390A39E61F605CB2003C35BA /* Swift Weather.app */,
				390A39FA1F605CB2003C35BA /* Swift WeatherTests.xctest */,
			);
			name = Products;
			sourceTree = "<group>";
		};
		390A39E81F605CB2003C35BA /* Swift Weather */ = {
			isa = PBXGroup;
			children = (
				390A3A0C1F605E7E003C35BA /* Interface */,
				390A3A091F605E2D003C35BA /* ViewControllers */,
				396AE7711F606A120095A327 /* Models */,
				396AE77B1F606D730095A327 /* Services */,
				390A39E91F605CB2003C35BA /* AppDelegate.swift */,
				390A39F01F605CB2003C35BA /* Assets.xcassets */,
				390A39F51F605CB2003C35BA /* Info.plist */,
				390F56761F60856F002F4144 /* SwinjectSetup.swift */,
			);
			path = "Swift Weather";
			sourceTree = "<group>";
		};
		390A39FD1F605CB2003C35BA /* Swift WeatherTests */ = {
			isa = PBXGroup;
			children = (
				396AE7861F6074BD0095A327 /* Models */,
				396AE7831F6074430095A327 /* TestHelpers */,
				396AE7741F606C9A0095A327 /* Fixtures */,
				390A39FE1F605CB2003C35BA /* Swift_WeatherTests.swift */,
				390A3A001F605CB2003C35BA /* Info.plist */,
			);
			path = "Swift WeatherTests";
			sourceTree = "<group>";
		};
		390A3A091F605E2D003C35BA /* ViewControllers */ = {
			isa = PBXGroup;
			children = (
				390A3A0A1F605E3A003C35BA /* MapViewController.swift */,
				396AE76C1F60681E0095A327 /* WeatherDetailViewController.swift */,
			);
			path = ViewControllers;
			sourceTree = "<group>";
		};
		390A3A0C1F605E7E003C35BA /* Interface */ = {
			isa = PBXGroup;
			children = (
				390A39ED1F605CB2003C35BA /* Main.storyboard */,
				390A39F21F605CB2003C35BA /* LaunchScreen.storyboard */,
			);
			path = Interface;
			sourceTree = "<group>";
		};
		396AE7711F606A120095A327 /* Models */ = {
			isa = PBXGroup;
			children = (
				396AE7721F606A1D0095A327 /* Weather.swift */,
				390F56641F607AA0002F4144 /* WeatherDescription.swift */,
				390F56681F607C75002F4144 /* WeatherCoord.swift */,
				390F566A1F607C94002F4144 /* Place.swift */,
				390F566C1F607CA5002F4144 /* Wind.swift */,
				390F566E1F607CBA002F4144 /* WeatherDetails.swift */,
				390F56741F607D39002F4144 /* Result.swift */,
			);
			path = Models;
			sourceTree = "<group>";
		};
		396AE7741F606C9A0095A327 /* Fixtures */ = {
			isa = PBXGroup;
			children = (
				396AE7751F606CAA0095A327 /* weather.json */,
			);
			path = Fixtures;
			sourceTree = "<group>";
		};
		396AE77B1F606D730095A327 /* Services */ = {
			isa = PBXGroup;
			children = (
				390F56701F607D0E002F4144 /* ApiServiceProtocol.swift */,
				390F56721F607D15002F4144 /* ApiService.swift */,
			);
			path = Services;
			sourceTree = "<group>";
		};
		396AE7831F6074430095A327 /* TestHelpers */ = {
			isa = PBXGroup;
			children = (
				396AE7841F60744C0095A327 /* Fixture.swift */,
			);
			path = TestHelpers;
			sourceTree = "<group>";
		};
		396AE7861F6074BD0095A327 /* Models */ = {
			isa = PBXGroup;
			children = (
				396AE7791F606D020095A327 /* WeatherSpec.swift */,
			);
			path = Models;
			sourceTree = "<group>";
		};
		78F4297AB6C1A7E8E2351E7F /* Frameworks */ = {
			isa = PBXGroup;
			children = (
				93D18EC6274F97AF0C2742E2 /* Pods_Swift_Weather.framework */,
				646BD235BCD47066EE3A5BB9 /* Pods_Swift_WeatherTests.framework */,
			);
			name = Frameworks;
			sourceTree = "<group>";
		};
		BEB38E128BBE7901656AE969 /* Pods */ = {
			isa = PBXGroup;
			children = (
				E5D3FE0892F4575E422AAFA2 /* Pods-Swift Weather.debug.xcconfig */,
				17680DAF2F7200E61D966532 /* Pods-Swift Weather.release.xcconfig */,
				C1CFFEF5E76326386031F118 /* Pods-Swift WeatherTests.debug.xcconfig */,
				435741186C9D14EC7404326B /* Pods-Swift WeatherTests.release.xcconfig */,
			);
			name = Pods;
			sourceTree = "<group>";
		};
/* End PBXGroup section */

/* Begin PBXNativeTarget section */
		390A39E51F605CB2003C35BA /* Swift Weather */ = {
			isa = PBXNativeTarget;
			buildConfigurationList = 390A3A031F605CB2003C35BA /* Build configuration list for PBXNativeTarget "Swift Weather" */;
			buildPhases = (
				3E4617242EF18624E62D359B /* [CP] Check Pods Manifest.lock */,
				390A39E21F605CB2003C35BA /* Sources */,
				390A39E31F605CB2003C35BA /* Frameworks */,
				390A39E41F605CB2003C35BA /* Resources */,
				344A73F90778B04FBD80A07A /* [CP] Embed Pods Frameworks */,
				A2F6C683EDA94EEC566F90A0 /* [CP] Copy Pods Resources */,
			);
			buildRules = (
			);
			dependencies = (
			);
			name = "Swift Weather";
			productName = "Swift Weather";
			productReference = 390A39E61F605CB2003C35BA /* Swift Weather.app */;
			productType = "com.apple.product-type.application";
		};
		390A39F91F605CB2003C35BA /* Swift WeatherTests */ = {
			isa = PBXNativeTarget;
			buildConfigurationList = 390A3A061F605CB2003C35BA /* Build configuration list for PBXNativeTarget "Swift WeatherTests" */;
			buildPhases = (
				4E857C888ABFC341DF0DB242 /* [CP] Check Pods Manifest.lock */,
				390A39F61F605CB2003C35BA /* Sources */,
				390A39F71F605CB2003C35BA /* Frameworks */,
				390A39F81F605CB2003C35BA /* Resources */,
				7A5528B823201527CB3C364B /* [CP] Embed Pods Frameworks */,
				28A6F8D5D38BB69BF36218FD /* [CP] Copy Pods Resources */,
			);
			buildRules = (
			);
			dependencies = (
				390A39FC1F605CB2003C35BA /* PBXTargetDependency */,
			);
			name = "Swift WeatherTests";
			productName = "Swift WeatherTests";
			productReference = 390A39FA1F605CB2003C35BA /* Swift WeatherTests.xctest */;
			productType = "com.apple.product-type.bundle.unit-test";
		};
/* End PBXNativeTarget section */

/* Begin PBXProject section */
		390A39DE1F605CB2003C35BA /* Project object */ = {
			isa = PBXProject;
			attributes = {
				LastSwiftUpdateCheck = 0830;
				LastUpgradeCheck = 0830;
				ORGANIZATIONNAME = "Roman Barzyczak";
				TargetAttributes = {
					390A39E51F605CB2003C35BA = {
						CreatedOnToolsVersion = 8.3.3;
						DevelopmentTeam = VXB3SNQG36;
						ProvisioningStyle = Automatic;
					};
					390A39F91F605CB2003C35BA = {
						CreatedOnToolsVersion = 8.3.3;
						DevelopmentTeam = VXB3SNQG36;
						ProvisioningStyle = Automatic;
						TestTargetID = 390A39E51F605CB2003C35BA;
					};
				};
			};
			buildConfigurationList = 390A39E11F605CB2003C35BA /* Build configuration list for PBXProject "Swift Weather" */;
			compatibilityVersion = "Xcode 3.2";
			developmentRegion = English;
			hasScannedForEncodings = 0;
			knownRegions = (
				en,
				Base,
			);
			mainGroup = 390A39DD1F605CB2003C35BA;
			productRefGroup = 390A39E71F605CB2003C35BA /* Products */;
			projectDirPath = "";
			projectRoot = "";
			targets = (
				390A39E51F605CB2003C35BA /* Swift Weather */,
				390A39F91F605CB2003C35BA /* Swift WeatherTests */,
			);
		};
/* End PBXProject section */

/* Begin PBXResourcesBuildPhase section */
		390A39E41F605CB2003C35BA /* Resources */ = {
			isa = PBXResourcesBuildPhase;
			buildActionMask = 2147483647;
			files = (
				390A39F41F605CB2003C35BA /* LaunchScreen.storyboard in Resources */,
				390A39F11F605CB2003C35BA /* Assets.xcassets in Resources */,
				390A39EF1F605CB2003C35BA /* Main.storyboard in Resources */,
			);
			runOnlyForDeploymentPostprocessing = 0;
		};
		390A39F81F605CB2003C35BA /* Resources */ = {
			isa = PBXResourcesBuildPhase;
			buildActionMask = 2147483647;
			files = (
				396AE7761F606CAA0095A327 /* weather.json in Resources */,
			);
			runOnlyForDeploymentPostprocessing = 0;
		};
/* End PBXResourcesBuildPhase section */

/* Begin PBXShellScriptBuildPhase section */
		28A6F8D5D38BB69BF36218FD /* [CP] Copy Pods Resources */ = {
			isa = PBXShellScriptBuildPhase;
			buildActionMask = 2147483647;
			files = (
			);
			inputPaths = (
			);
			name = "[CP] Copy Pods Resources";
			outputPaths = (
			);
			runOnlyForDeploymentPostprocessing = 0;
			shellPath = /bin/sh;
			shellScript = "\"${SRCROOT}/Pods/Target Support Files/Pods-Swift WeatherTests/Pods-Swift WeatherTests-resources.sh\"\n";
			showEnvVarsInLog = 0;
		};
		344A73F90778B04FBD80A07A /* [CP] Embed Pods Frameworks */ = {
			isa = PBXShellScriptBuildPhase;
			buildActionMask = 2147483647;
			files = (
			);
			inputPaths = (
				"${SRCROOT}/Pods/Target Support Files/Pods-Swift Weather/Pods-Swift Weather-frameworks.sh",
				"${BUILT_PRODUCTS_DIR}/Alamofire/Alamofire.framework",
				"${BUILT_PRODUCTS_DIR}/Marshal/Marshal.framework",
				"${BUILT_PRODUCTS_DIR}/Swinject/Swinject.framework",
				"${BUILT_PRODUCTS_DIR}/SwinjectStoryboard/SwinjectStoryboard.framework",
			);
			name = "[CP] Embed Pods Frameworks";
			outputPaths = (
				"${TARGET_BUILD_DIR}/${FRAMEWORKS_FOLDER_PATH}/Alamofire.framework",
				"${TARGET_BUILD_DIR}/${FRAMEWORKS_FOLDER_PATH}/Marshal.framework",
				"${TARGET_BUILD_DIR}/${FRAMEWORKS_FOLDER_PATH}/Swinject.framework",
				"${TARGET_BUILD_DIR}/${FRAMEWORKS_FOLDER_PATH}/SwinjectStoryboard.framework",
			);
			runOnlyForDeploymentPostprocessing = 0;
			shellPath = /bin/sh;
			shellScript = "\"${SRCROOT}/Pods/Target Support Files/Pods-Swift Weather/Pods-Swift Weather-frameworks.sh\"\n";
			showEnvVarsInLog = 0;
		};
		3E4617242EF18624E62D359B /* [CP] Check Pods Manifest.lock */ = {
			isa = PBXShellScriptBuildPhase;
			buildActionMask = 2147483647;
			files = (
			);
			inputPaths = (
				"${PODS_PODFILE_DIR_PATH}/Podfile.lock",
				"${PODS_ROOT}/Manifest.lock",
			);
			name = "[CP] Check Pods Manifest.lock";
			outputPaths = (
				"$(DERIVED_FILE_DIR)/Pods-Swift Weather-checkManifestLockResult.txt",
			);
			runOnlyForDeploymentPostprocessing = 0;
			shellPath = /bin/sh;
			shellScript = "diff \"${PODS_PODFILE_DIR_PATH}/Podfile.lock\" \"${PODS_ROOT}/Manifest.lock\" > /dev/null\nif [ $? != 0 ] ; then\n    # print error to STDERR\n    echo \"error: The sandbox is not in sync with the Podfile.lock. Run 'pod install' or update your CocoaPods installation.\" >&2\n    exit 1\nfi\n# This output is used by Xcode 'outputs' to avoid re-running this script phase.\necho \"SUCCESS\" > \"${SCRIPT_OUTPUT_FILE_0}\"\n";
			showEnvVarsInLog = 0;
		};
		4E857C888ABFC341DF0DB242 /* [CP] Check Pods Manifest.lock */ = {
			isa = PBXShellScriptBuildPhase;
			buildActionMask = 2147483647;
			files = (
			);
			inputPaths = (
				"${PODS_PODFILE_DIR_PATH}/Podfile.lock",
				"${PODS_ROOT}/Manifest.lock",
			);
			name = "[CP] Check Pods Manifest.lock";
			outputPaths = (
				"$(DERIVED_FILE_DIR)/Pods-Swift WeatherTests-checkManifestLockResult.txt",
			);
			runOnlyForDeploymentPostprocessing = 0;
			shellPath = /bin/sh;
			shellScript = "diff \"${PODS_PODFILE_DIR_PATH}/Podfile.lock\" \"${PODS_ROOT}/Manifest.lock\" > /dev/null\nif [ $? != 0 ] ; then\n    # print error to STDERR\n    echo \"error: The sandbox is not in sync with the Podfile.lock. Run 'pod install' or update your CocoaPods installation.\" >&2\n    exit 1\nfi\n# This output is used by Xcode 'outputs' to avoid re-running this script phase.\necho \"SUCCESS\" > \"${SCRIPT_OUTPUT_FILE_0}\"\n";
			showEnvVarsInLog = 0;
		};
		7A5528B823201527CB3C364B /* [CP] Embed Pods Frameworks */ = {
			isa = PBXShellScriptBuildPhase;
			buildActionMask = 2147483647;
			files = (
			);
			inputPaths = (
				"${SRCROOT}/Pods/Target Support Files/Pods-Swift WeatherTests/Pods-Swift WeatherTests-frameworks.sh",
				"${BUILT_PRODUCTS_DIR}/Nimble/Nimble.framework",
				"${BUILT_PRODUCTS_DIR}/Quick/Quick.framework",
			);
			name = "[CP] Embed Pods Frameworks";
			outputPaths = (
				"${TARGET_BUILD_DIR}/${FRAMEWORKS_FOLDER_PATH}/Nimble.framework",
				"${TARGET_BUILD_DIR}/${FRAMEWORKS_FOLDER_PATH}/Quick.framework",
			);
			runOnlyForDeploymentPostprocessing = 0;
			shellPath = /bin/sh;
			shellScript = "\"${SRCROOT}/Pods/Target Support Files/Pods-Swift WeatherTests/Pods-Swift WeatherTests-frameworks.sh\"\n";
			showEnvVarsInLog = 0;
		};
		A2F6C683EDA94EEC566F90A0 /* [CP] Copy Pods Resources */ = {
			isa = PBXShellScriptBuildPhase;
			buildActionMask = 2147483647;
			files = (
			);
			inputPaths = (
			);
			name = "[CP] Copy Pods Resources";
			outputPaths = (
			);
			runOnlyForDeploymentPostprocessing = 0;
			shellPath = /bin/sh;
			shellScript = "\"${SRCROOT}/Pods/Target Support Files/Pods-Swift Weather/Pods-Swift Weather-resources.sh\"\n";
			showEnvVarsInLog = 0;
		};
/* End PBXShellScriptBuildPhase section */

/* Begin PBXSourcesBuildPhase section */
		390A39E21F605CB2003C35BA /* Sources */ = {
			isa = PBXSourcesBuildPhase;
			buildActionMask = 2147483647;
			files = (
				396AE76D1F60681E0095A327 /* WeatherDetailViewController.swift in Sources */,
				390F56651F607AA0002F4144 /* WeatherDescription.swift in Sources */,
				390F56711F607D0E002F4144 /* ApiServiceProtocol.swift in Sources */,
				390F56691F607C75002F4144 /* WeatherCoord.swift in Sources */,
				390F566F1F607CBA002F4144 /* WeatherDetails.swift in Sources */,
				390A3A0B1F605E3A003C35BA /* MapViewController.swift in Sources */,
				390F56771F60856F002F4144 /* SwinjectSetup.swift in Sources */,
				390F56751F607D39002F4144 /* Result.swift in Sources */,
				390F56731F607D15002F4144 /* ApiService.swift in Sources */,
				396AE7731F606A1D0095A327 /* Weather.swift in Sources */,
				390F566B1F607C94002F4144 /* Place.swift in Sources */,
				390A39EA1F605CB2003C35BA /* AppDelegate.swift in Sources */,
				390F566D1F607CA5002F4144 /* Wind.swift in Sources */,
			);
			runOnlyForDeploymentPostprocessing = 0;
		};
		390A39F61F605CB2003C35BA /* Sources */ = {
			isa = PBXSourcesBuildPhase;
			buildActionMask = 2147483647;
			files = (
				396AE77A1F606D020095A327 /* WeatherSpec.swift in Sources */,
				390A39FF1F605CB2003C35BA /* Swift_WeatherTests.swift in Sources */,
				396AE7851F60744C0095A327 /* Fixture.swift in Sources */,
			);
			runOnlyForDeploymentPostprocessing = 0;
		};
/* End PBXSourcesBuildPhase section */

/* Begin PBXTargetDependency section */
		390A39FC1F605CB2003C35BA /* PBXTargetDependency */ = {
			isa = PBXTargetDependency;
			target = 390A39E51F605CB2003C35BA /* Swift Weather */;
			targetProxy = 390A39FB1F605CB2003C35BA /* PBXContainerItemProxy */;
		};
/* End PBXTargetDependency section */

/* Begin PBXVariantGroup section */
		390A39ED1F605CB2003C35BA /* Main.storyboard */ = {
			isa = PBXVariantGroup;
			children = (
				390A39EE1F605CB2003C35BA /* Base */,
			);
			name = Main.storyboard;
			path = ..;
			sourceTree = "<group>";
		};
		390A39F21F605CB2003C35BA /* LaunchScreen.storyboard */ = {
			isa = PBXVariantGroup;
			children = (
				390A39F31F605CB2003C35BA /* Base */,
			);
			name = LaunchScreen.storyboard;
			path = ..;
			sourceTree = "<group>";
		};
/* End PBXVariantGroup section */

/* Begin XCBuildConfiguration section */
		390A3A011F605CB2003C35BA /* Debug */ = {
			isa = XCBuildConfiguration;
			buildSettings = {
				ALWAYS_SEARCH_USER_PATHS = NO;
				CLANG_ANALYZER_NONNULL = YES;
				CLANG_ANALYZER_NUMBER_OBJECT_CONVERSION = YES_AGGRESSIVE;
				CLANG_CXX_LANGUAGE_STANDARD = "gnu++0x";
				CLANG_CXX_LIBRARY = "libc++";
				CLANG_ENABLE_MODULES = YES;
				CLANG_ENABLE_OBJC_ARC = YES;
				CLANG_WARN_BOOL_CONVERSION = YES;
				CLANG_WARN_CONSTANT_CONVERSION = YES;
				CLANG_WARN_DIRECT_OBJC_ISA_USAGE = YES_ERROR;
				CLANG_WARN_DOCUMENTATION_COMMENTS = YES;
				CLANG_WARN_EMPTY_BODY = YES;
				CLANG_WARN_ENUM_CONVERSION = YES;
				CLANG_WARN_INFINITE_RECURSION = YES;
				CLANG_WARN_INT_CONVERSION = YES;
				CLANG_WARN_OBJC_ROOT_CLASS = YES_ERROR;
				CLANG_WARN_SUSPICIOUS_MOVE = YES;
				CLANG_WARN_UNREACHABLE_CODE = YES;
				CLANG_WARN__DUPLICATE_METHOD_MATCH = YES;
				"CODE_SIGN_IDENTITY[sdk=iphoneos*]" = "iPhone Developer";
				COPY_PHASE_STRIP = NO;
				DEBUG_INFORMATION_FORMAT = dwarf;
				ENABLE_STRICT_OBJC_MSGSEND = YES;
				ENABLE_TESTABILITY = YES;
				GCC_C_LANGUAGE_STANDARD = gnu99;
				GCC_DYNAMIC_NO_PIC = NO;
				GCC_NO_COMMON_BLOCKS = YES;
				GCC_OPTIMIZATION_LEVEL = 0;
				GCC_PREPROCESSOR_DEFINITIONS = (
					"DEBUG=1",
					"$(inherited)",
				);
				GCC_WARN_64_TO_32_BIT_CONVERSION = YES;
				GCC_WARN_ABOUT_RETURN_TYPE = YES_ERROR;
				GCC_WARN_UNDECLARED_SELECTOR = YES;
				GCC_WARN_UNINITIALIZED_AUTOS = YES_AGGRESSIVE;
				GCC_WARN_UNUSED_FUNCTION = YES;
				GCC_WARN_UNUSED_VARIABLE = YES;
				IPHONEOS_DEPLOYMENT_TARGET = 10.3;
				MTL_ENABLE_DEBUG_INFO = YES;
				ONLY_ACTIVE_ARCH = YES;
				SDKROOT = iphoneos;
				SWIFT_ACTIVE_COMPILATION_CONDITIONS = DEBUG;
				SWIFT_OPTIMIZATION_LEVEL = "-Onone";
				TARGETED_DEVICE_FAMILY = "1,2";
			};
			name = Debug;
		};
		390A3A021F605CB2003C35BA /* Release */ = {
			isa = XCBuildConfiguration;
			buildSettings = {
				ALWAYS_SEARCH_USER_PATHS = NO;
				CLANG_ANALYZER_NONNULL = YES;
				CLANG_ANALYZER_NUMBER_OBJECT_CONVERSION = YES_AGGRESSIVE;
				CLANG_CXX_LANGUAGE_STANDARD = "gnu++0x";
				CLANG_CXX_LIBRARY = "libc++";
				CLANG_ENABLE_MODULES = YES;
				CLANG_ENABLE_OBJC_ARC = YES;
				CLANG_WARN_BOOL_CONVERSION = YES;
				CLANG_WARN_CONSTANT_CONVERSION = YES;
				CLANG_WARN_DIRECT_OBJC_ISA_USAGE = YES_ERROR;
				CLANG_WARN_DOCUMENTATION_COMMENTS = YES;
				CLANG_WARN_EMPTY_BODY = YES;
				CLANG_WARN_ENUM_CONVERSION = YES;
				CLANG_WARN_INFINITE_RECURSION = YES;
				CLANG_WARN_INT_CONVERSION = YES;
				CLANG_WARN_OBJC_ROOT_CLASS = YES_ERROR;
				CLANG_WARN_SUSPICIOUS_MOVE = YES;
				CLANG_WARN_UNREACHABLE_CODE = YES;
				CLANG_WARN__DUPLICATE_METHOD_MATCH = YES;
				"CODE_SIGN_IDENTITY[sdk=iphoneos*]" = "iPhone Developer";
				COPY_PHASE_STRIP = NO;
				DEBUG_INFORMATION_FORMAT = "dwarf-with-dsym";
				ENABLE_NS_ASSERTIONS = NO;
				ENABLE_STRICT_OBJC_MSGSEND = YES;
				GCC_C_LANGUAGE_STANDARD = gnu99;
				GCC_NO_COMMON_BLOCKS = YES;
				GCC_WARN_64_TO_32_BIT_CONVERSION = YES;
				GCC_WARN_ABOUT_RETURN_TYPE = YES_ERROR;
				GCC_WARN_UNDECLARED_SELECTOR = YES;
				GCC_WARN_UNINITIALIZED_AUTOS = YES_AGGRESSIVE;
				GCC_WARN_UNUSED_FUNCTION = YES;
				GCC_WARN_UNUSED_VARIABLE = YES;
				IPHONEOS_DEPLOYMENT_TARGET = 10.3;
				MTL_ENABLE_DEBUG_INFO = NO;
				SDKROOT = iphoneos;
				SWIFT_OPTIMIZATION_LEVEL = "-Owholemodule";
				TARGETED_DEVICE_FAMILY = "1,2";
				VALIDATE_PRODUCT = YES;
			};
			name = Release;
		};
		390A3A041F605CB2003C35BA /* Debug */ = {
			isa = XCBuildConfiguration;
			baseConfigurationReference = E5D3FE0892F4575E422AAFA2 /* Pods-Swift Weather.debug.xcconfig */;
			buildSettings = {
				ASSETCATALOG_COMPILER_APPICON_NAME = AppIcon;
				DEVELOPMENT_TEAM = VXB3SNQG36;
				INFOPLIST_FILE = "Swift Weather/Info.plist";
				LD_RUNPATH_SEARCH_PATHS = "$(inherited) @executable_path/Frameworks";
				PRODUCT_BUNDLE_IDENTIFIER = "com.rb.Swift-Weather";
				PRODUCT_NAME = "$(TARGET_NAME)";
				SWIFT_VERSION = 3.0;
			};
			name = Debug;
		};
		390A3A051F605CB2003C35BA /* Release */ = {
			isa = XCBuildConfiguration;
			baseConfigurationReference = 17680DAF2F7200E61D966532 /* Pods-Swift Weather.release.xcconfig */;
			buildSettings = {
				ASSETCATALOG_COMPILER_APPICON_NAME = AppIcon;
				DEVELOPMENT_TEAM = VXB3SNQG36;
				INFOPLIST_FILE = "Swift Weather/Info.plist";
				LD_RUNPATH_SEARCH_PATHS = "$(inherited) @executable_path/Frameworks";
				PRODUCT_BUNDLE_IDENTIFIER = "com.rb.Swift-Weather";
				PRODUCT_NAME = "$(TARGET_NAME)";
				SWIFT_VERSION = 3.0;
			};
			name = Release;
		};
		390A3A071F605CB2003C35BA /* Debug */ = {
			isa = XCBuildConfiguration;
			baseConfigurationReference = C1CFFEF5E76326386031F118 /* Pods-Swift WeatherTests.debug.xcconfig */;
			buildSettings = {
				ALWAYS_EMBED_SWIFT_STANDARD_LIBRARIES = YES;
				BUNDLE_LOADER = "$(TEST_HOST)";
				DEVELOPMENT_TEAM = VXB3SNQG36;
				INFOPLIST_FILE = "Swift WeatherTests/Info.plist";
				LD_RUNPATH_SEARCH_PATHS = "$(inherited) @executable_path/Frameworks @loader_path/Frameworks";
				PRODUCT_BUNDLE_IDENTIFIER = "com.rb.Swift-WeatherTests";
				PRODUCT_NAME = "$(TARGET_NAME)";
				SWIFT_VERSION = 3.0;
				TEST_HOST = "$(BUILT_PRODUCTS_DIR)/Swift Weather.app/Swift Weather";
			};
			name = Debug;
		};
		390A3A081F605CB2003C35BA /* Release */ = {
			isa = XCBuildConfiguration;
			baseConfigurationReference = 435741186C9D14EC7404326B /* Pods-Swift WeatherTests.release.xcconfig */;
			buildSettings = {
				ALWAYS_EMBED_SWIFT_STANDARD_LIBRARIES = YES;
				BUNDLE_LOADER = "$(TEST_HOST)";
				DEVELOPMENT_TEAM = VXB3SNQG36;
				INFOPLIST_FILE = "Swift WeatherTests/Info.plist";
				LD_RUNPATH_SEARCH_PATHS = "$(inherited) @executable_path/Frameworks @loader_path/Frameworks";
				PRODUCT_BUNDLE_IDENTIFIER = "com.rb.Swift-WeatherTests";
				PRODUCT_NAME = "$(TARGET_NAME)";
				SWIFT_VERSION = 3.0;
				TEST_HOST = "$(BUILT_PRODUCTS_DIR)/Swift Weather.app/Swift Weather";
			};
			name = Release;
		};
/* End XCBuildConfiguration section */

/* Begin XCConfigurationList section */
		390A39E11F605CB2003C35BA /* Build configuration list for PBXProject "Swift Weather" */ = {
			isa = XCConfigurationList;
			buildConfigurations = (
				390A3A011F605CB2003C35BA /* Debug */,
				390A3A021F605CB2003C35BA /* Release */,
			);
			defaultConfigurationIsVisible = 0;
			defaultConfigurationName = Release;
		};
		390A3A031F605CB2003C35BA /* Build configuration list for PBXNativeTarget "Swift Weather" */ = {
			isa = XCConfigurationList;
			buildConfigurations = (
				390A3A041F605CB2003C35BA /* Debug */,
				390A3A051F605CB2003C35BA /* Release */,
			);
			defaultConfigurationIsVisible = 0;
			defaultConfigurationName = Release;
		};
		390A3A061F605CB2003C35BA /* Build configuration list for PBXNativeTarget "Swift WeatherTests" */ = {
			isa = XCConfigurationList;
			buildConfigurations = (
				390A3A071F605CB2003C35BA /* Debug */,
				390A3A081F605CB2003C35BA /* Release */,
			);
			defaultConfigurationIsVisible = 0;
			defaultConfigurationName = Release;
		};
/* End XCConfigurationList section */
	};
	rootObject = 390A39DE1F605CB2003C35BA /* Project object */;
}
